
Microsoft Visual Studio Solution File, Format Version 12.00
# Visual Studio Version 16
VisualStudioVersion = 25.0.1706.5
MinimumVisualStudioVersion = 10.0.40219.1
Project("{FAE04EC0-301F-11D3-BF4B-00C04F79EFBC}") = "graphical-programming-language", "graphical-programming-language\graphical-programming-language.csproj", "{9D8F9D0A-9CCA-40AB-80E2-A4047E5CAEAF}"
EndProject
Global
	GlobalSection(SolutionConfigurationPlatforms) = preSolution
		Debug|Any CPU = Debug|Any CPU
		Release|Any CPU = Release|Any CPU
	EndGlobalSection
	GlobalSection(ProjectConfigurationPlatforms) = postSolution
		{9D8F9D0A-9CCA-40AB-80E2-A4047E5CAEAF}.Debug|Any CPU.ActiveCfg = Debug|Any CPU
		{9D8F9D0A-9CCA-40AB-80E2-A4047E5CAEAF}.Debug|Any CPU.Build.0 = Debug|Any CPU
		{9D8F9D0A-9CCA-40AB-80E2-A4047E5CAEAF}.Release|Any CPU.ActiveCfg = Release|Any CPU
		{9D8F9D0A-9CCA-40AB-80E2-A4047E5CAEAF}.Release|Any CPU.Build.0 = Release|Any CPU
	EndGlobalSection
	GlobalSection(SolutionProperties) = preSolution
		HideSolutionNode = FALSE
	EndGlobalSection
	GlobalSection(ExtensibilityGlobals) = postSolution
		SolutionGuid = {1912C1A4-074F-4F2A-8197-F8AD7489B649}
	EndGlobalSection
EndGlobal
